
Microsoft Visual Studio Solution File, Format Version 12.00
# Visual Studio Version 17
VisualStudioVersion = 17.0.31919.166
MinimumVisualStudioVersion = 10.0.40219.1
Project("{9A19103F-16F7-4668-BE54-9A1E7A4F7556}") = "BMX MİTM DEFENDER", "BMX MİTM DEFENDER\BMX MİTM DEFENDER.csproj", "{FB27E05C-F3A9-4275-A035-14D8C85B29F2}"
EndProject
Project("{54435603-DBB4-11D2-8724-00A0C9A8B90C}") = "BMX MITM DEFENDER", "BMX MITM DEFENDER\BMX MITM DEFENDER.vdproj", "{67F02767-AAB2-478E-8FF2-3E1768D30A37}"
EndProject
Global
	GlobalSection(SolutionConfigurationPlatforms) = preSolution
		Debug|Any CPU = Debug|Any CPU
		Release|Any CPU = Release|Any CPU
	EndGlobalSection
	GlobalSection(ProjectConfigurationPlatforms) = postSolution
		{FB27E05C-F3A9-4275-A035-14D8C85B29F2}.Debug|Any CPU.ActiveCfg = Debug|Any CPU
		{FB27E05C-F3A9-4275-A035-14D8C85B29F2}.Debug|Any CPU.Build.0 = Debug|Any CPU
		{FB27E05C-F3A9-4275-A035-14D8C85B29F2}.Release|Any CPU.ActiveCfg = Release|Any CPU
		{FB27E05C-F3A9-4275-A035-14D8C85B29F2}.Release|Any CPU.Build.0 = Release|Any CPU
		{67F02767-AAB2-478E-8FF2-3E1768D30A37}.Debug|Any CPU.ActiveCfg = Debug
		{67F02767-AAB2-478E-8FF2-3E1768D30A37}.Release|Any CPU.ActiveCfg = Release
	EndGlobalSection
	GlobalSection(SolutionProperties) = preSolution
		HideSolutionNode = FALSE
	EndGlobalSection
	GlobalSection(ExtensibilityGlobals) = postSolution
		SolutionGuid = {D025681A-B21F-4369-A06C-32ACB041E7AA}
	EndGlobalSection
EndGlobal
